// !$*UTF8*$!
{
	archiveVersion = 1;
	classes = {
	};
	objectVersion = 46;
	objects = {

/* Begin PBXBuildFile section */
		9AA3F3491DE4D81800405995 /* AppDelegate.swift in Sources */ = {isa = PBXBuildFile; fileRef = 9AA3F3481DE4D81800405995 /* AppDelegate.swift */; };
		9AA3F34B1DE4D81800405995 /* MasterViewController.swift in Sources */ = {isa = PBXBuildFile; fileRef = 9AA3F34A1DE4D81800405995 /* MasterViewController.swift */; };
		9AA3F34D1DE4D81800405995 /* DetailViewController.swift in Sources */ = {isa = PBXBuildFile; fileRef = 9AA3F34C1DE4D81800405995 /* DetailViewController.swift */; };
		9AA3F3501DE4D81800405995 /* Main.storyboard in Resources */ = {isa = PBXBuildFile; fileRef = 9AA3F34E1DE4D81800405995 /* Main.storyboard */; };
		9AA3F3521DE4D81800405995 /* Assets.xcassets in Resources */ = {isa = PBXBuildFile; fileRef = 9AA3F3511DE4D81800405995 /* Assets.xcassets */; };
		9AA3F3551DE4D81800405995 /* LaunchScreen.storyboard in Resources */ = {isa = PBXBuildFile; fileRef = 9AA3F3531DE4D81800405995 /* LaunchScreen.storyboard */; };
/* End PBXBuildFile section */

/* Begin PBXFileReference section */
		9AA3F3451DE4D81800405995 /* DatabaseProject.app */ = {isa = PBXFileReference; explicitFileType = wrapper.application; includeInIndex = 0; path = DatabaseProject.app; sourceTree = BUILT_PRODUCTS_DIR; };
		9AA3F3481DE4D81800405995 /* AppDelegate.swift */ = {isa = PBXFileReference; lastKnownFileType = sourcecode.swift; path = AppDelegate.swift; sourceTree = "<group>"; };
		9AA3F34A1DE4D81800405995 /* MasterViewController.swift */ = {isa = PBXFileReference; lastKnownFileType = sourcecode.swift; path = MasterViewController.swift; sourceTree = "<group>"; };
		9AA3F34C1DE4D81800405995 /* DetailViewController.swift */ = {isa = PBXFileReference; lastKnownFileType = sourcecode.swift; path = DetailViewController.swift; sourceTree = "<group>"; };
		9AA3F34F1DE4D81800405995 /* Base */ = {isa = PBXFileReference; lastKnownFileType = file.storyboard; name = Base; path = Base.lproj/Main.storyboard; sourceTree = "<group>"; };
		9AA3F3511DE4D81800405995 /* Assets.xcassets */ = {isa = PBXFileReference; lastKnownFileType = folder.assetcatalog; path = Assets.xcassets; sourceTree = "<group>"; };
		9AA3F3541DE4D81800405995 /* Base */ = {isa = PBXFileReference; lastKnownFileType = file.storyboard; name = Base; path = Base.lproj/LaunchScreen.storyboard; sourceTree = "<group>"; };
		9AA3F3561DE4D81800405995 /* Info.plist */ = {isa = PBXFileReference; lastKnownFileType = text.plist.xml; path = Info.plist; sourceTree = "<group>"; };
/* End PBXFileReference section */

/* Begin PBXFrameworksBuildPhase section */
		9AA3F3421DE4D81700405995 /* Frameworks */ = {
			isa = PBXFrameworksBuildPhase;
			buildActionMask = 2147483647;
			files = (
			);
			runOnlyForDeploymentPostprocessing = 0;
		};
/* End PBXFrameworksBuildPhase section */

/* Begin PBXGroup section */
		9AA3F33C1DE4D81700405995 = {
			isa = PBXGroup;
			children = (
				9AA3F3471DE4D81800405995 /* DatabaseProject */,
				9AA3F3461DE4D81800405995 /* Products */,
			);
			sourceTree = "<group>";
		};
		9AA3F3461DE4D81800405995 /* Products */ = {
			isa = PBXGroup;
			children = (
				9AA3F3451DE4D81800405995 /* DatabaseProject.app */,
			);
			name = Products;
			sourceTree = "<group>";
		};
		9AA3F3471DE4D81800405995 /* DatabaseProject */ = {
			isa = PBXGroup;
			children = (
				9AA3F3481DE4D81800405995 /* AppDelegate.swift */,
				9AA3F34A1DE4D81800405995 /* MasterViewController.swift */,
				9AA3F34C1DE4D81800405995 /* DetailViewController.swift */,
				9AA3F34E1DE4D81800405995 /* Main.storyboard */,
				9AA3F3511DE4D81800405995 /* Assets.xcassets */,
				9AA3F3531DE4D81800405995 /* LaunchScreen.storyboard */,
				9AA3F3561DE4D81800405995 /* Info.plist */,
			);
			path = DatabaseProject;
			sourceTree = "<group>";
		};
/* End PBXGroup section */

/* Begin PBXNativeTarget section */
		9AA3F3441DE4D81700405995 /* DatabaseProject */ = {
			isa = PBXNativeTarget;
			buildConfigurationList = 9AA3F3591DE4D81800405995 /* Build configuration list for PBXNativeTarget "DatabaseProject" */;
			buildPhases = (
				9AA3F3411DE4D81700405995 /* Sources */,
				9AA3F3421DE4D81700405995 /* Frameworks */,
				9AA3F3431DE4D81700405995 /* Resources */,
			);
			buildRules = (
			);
			dependencies = (
			);
			name = DatabaseProject;
			productName = DatabaseProject;
			productReference = 9AA3F3451DE4D81800405995 /* DatabaseProject.app */;
			productType = "com.apple.product-type.application";
		};
/* End PBXNativeTarget section */

/* Begin PBXProject section */
		9AA3F33D1DE4D81700405995 /* Project object */ = {
			isa = PBXProject;
			attributes = {
				LastSwiftUpdateCheck = 0810;
				LastUpgradeCheck = 0810;
				ORGANIZATIONNAME = "Edgar Gante";
				TargetAttributes = {
					9AA3F3441DE4D81700405995 = {
						CreatedOnToolsVersion = 8.1;
						ProvisioningStyle = Automatic;
					};
				};
			};
			buildConfigurationList = 9AA3F3401DE4D81700405995 /* Build configuration list for PBXProject "DatabaseProject" */;
			compatibilityVersion = "Xcode 3.2";
			developmentRegion = English;
			hasScannedForEncodings = 0;
			knownRegions = (
				en,
				Base,
			);
			mainGroup = 9AA3F33C1DE4D81700405995;
			productRefGroup = 9AA3F3461DE4D81800405995 /* Products */;
			projectDirPath = "";
			projectRoot = "";
			targets = (
				9AA3F3441DE4D81700405995 /* DatabaseProject */,
			);
		};
/* End PBXProject section */

/* Begin PBXResourcesBuildPhase section */
		9AA3F3431DE4D81700405995 /* Resources */ = {
			isa = PBXResourcesBuildPhase;
			buildActionMask = 2147483647;
			files = (
				9AA3F3551DE4D81800405995 /* LaunchScreen.storyboard in Resources */,
				9AA3F3521DE4D81800405995 /* Assets.xcassets in Resources */,
				9AA3F3501DE4D81800405995 /* Main.storyboard in Resources */,
			);
			runOnlyForDeploymentPostprocessing = 0;
		};
/* End PBXResourcesBuildPhase section */

/* Begin PBXSourcesBuildPhase section */
		9AA3F3411DE4D81700405995 /* Sources */ = {
			isa = PBXSourcesBuildPhase;
			buildActionMask = 2147483647;
			files = (
				9AA3F34D1DE4D81800405995 /* DetailViewController.swift in Sources */,
				9AA3F34B1DE4D81800405995 /* MasterViewController.swift in Sources */,
				9AA3F3491DE4D81800405995 /* AppDelegate.swift in Sources */,
			);
			runOnlyForDeploymentPostprocessing = 0;
		};
/* End PBXSourcesBuildPhase section */

/* Begin PBXVariantGroup section */
		9AA3F34E1DE4D81800405995 /* Main.storyboard */ = {
			isa = PBXVariantGroup;
			children = (
				9AA3F34F1DE4D81800405995 /* Base */,
			);
			name = Main.storyboard;
			sourceTree = "<group>";
		};
		9AA3F3531DE4D81800405995 /* LaunchScreen.storyboard */ = {
			isa = PBXVariantGroup;
			children = (
				9AA3F3541DE4D81800405995 /* Base */,
			);
			name = LaunchScreen.storyboard;
			sourceTree = "<group>";
		};
/* End PBXVariantGroup section */

/* Begin XCBuildConfiguration section */
		9AA3F3571DE4D81800405995 /* Debug */ = {
			isa = XCBuildConfiguration;
			buildSettings = {
				ALWAYS_SEARCH_USER_PATHS = NO;
				CLANG_ANALYZER_NONNULL = YES;
				CLANG_CXX_LANGUAGE_STANDARD = "gnu++0x";
				CLANG_CXX_LIBRARY = "libc++";
				CLANG_ENABLE_MODULES = YES;
				CLANG_ENABLE_OBJC_ARC = YES;
				CLANG_WARN_BOOL_CONVERSION = YES;
				CLANG_WARN_CONSTANT_CONVERSION = YES;
				CLANG_WARN_DIRECT_OBJC_ISA_USAGE = YES_ERROR;
				CLANG_WARN_DOCUMENTATION_COMMENTS = YES;
				CLANG_WARN_EMPTY_BODY = YES;
				CLANG_WARN_ENUM_CONVERSION = YES;
				CLANG_WARN_INFINITE_RECURSION = YES;
				CLANG_WARN_INT_CONVERSION = YES;
				CLANG_WARN_OBJC_ROOT_CLASS = YES_ERROR;
				CLANG_WARN_SUSPICIOUS_MOVES = YES;
				CLANG_WARN_UNREACHABLE_CODE = YES;
				CLANG_WARN__DUPLICATE_METHOD_MATCH = YES;
				"CODE_SIGN_IDENTITY[sdk=iphoneos*]" = "iPhone Developer";
				COPY_PHASE_STRIP = NO;
				DEBUG_INFORMATION_FORMAT = dwarf;
				ENABLE_STRICT_OBJC_MSGSEND = YES;
				ENABLE_TESTABILITY = YES;
				GCC_C_LANGUAGE_STANDARD = gnu99;
				GCC_DYNAMIC_NO_PIC = NO;
				GCC_NO_COMMON_BLOCKS = YES;
				GCC_OPTIMIZATION_LEVEL = 0;
				GCC_PREPROCESSOR_DEFINITIONS = (
					"DEBUG=1",
					"$(inherited)",
				);
				GCC_WARN_64_TO_32_BIT_CONVERSION = YES;
				GCC_WARN_ABOUT_RETURN_TYPE = YES_ERROR;
				GCC_WARN_UNDECLARED_SELECTOR = YES;
				GCC_WARN_UNINITIALIZED_AUTOS = YES_AGGRESSIVE;
				GCC_WARN_UNUSED_FUNCTION = YES;
				GCC_WARN_UNUSED_VARIABLE = YES;
				IPHONEOS_DEPLOYMENT_TARGET = 10.1;
				MTL_ENABLE_DEBUG_INFO = YES;
				ONLY_ACTIVE_ARCH = YES;
				SDKROOT = iphoneos;
				SWIFT_ACTIVE_COMPILATION_CONDITIONS = DEBUG;
				SWIFT_OPTIMIZATION_LEVEL = "-Onone";
			};
			name = Debug;
		};
		9AA3F3581DE4D81800405995 /* Release */ = {
			isa = XCBuildConfiguration;
			buildSettings = {
				ALWAYS_SEARCH_USER_PATHS = NO;
				CLANG_ANALYZER_NONNULL = YES;
				CLANG_CXX_LANGUAGE_STANDARD = "gnu++0x";
				CLANG_CXX_LIBRARY = "libc++";
				CLANG_ENABLE_MODULES = YES;
				CLANG_ENABLE_OBJC_ARC = YES;
				CLANG_WARN_BOOL_CONVERSION = YES;
				CLANG_WARN_CONSTANT_CONVERSION = YES;
				CLANG_WARN_DIRECT_OBJC_ISA_USAGE = YES_ERROR;
				CLANG_WARN_DOCUMENTATION_COMMENTS = YES;
				CLANG_WARN_EMPTY_BODY = YES;
				CLANG_WARN_ENUM_CONVERSION = YES;
				CLANG_WARN_INFINITE_RECURSION = YES;
				CLANG_WARN_INT_CONVERSION = YES;
				CLANG_WARN_OBJC_ROOT_CLASS = YES_ERROR;
				CLANG_WARN_SUSPICIOUS_MOVES = YES;
				CLANG_WARN_UNREACHABLE_CODE = YES;
				CLANG_WARN__DUPLICATE_METHOD_MATCH = YES;
				"CODE_SIGN_IDENTITY[sdk=iphoneos*]" = "iPhone Developer";
				COPY_PHASE_STRIP = NO;
				DEBUG_INFORMATION_FORMAT = "dwarf-with-dsym";
				ENABLE_NS_ASSERTIONS = NO;
				ENABLE_STRICT_OBJC_MSGSEND = YES;
				GCC_C_LANGUAGE_STANDARD = gnu99;
				GCC_NO_COMMON_BLOCKS = YES;
				GCC_WARN_64_TO_32_BIT_CONVERSION = YES;
				GCC_WARN_ABOUT_RETURN_TYPE = YES_ERROR;
				GCC_WARN_UNDECLARED_SELECTOR = YES;
				GCC_WARN_UNINITIALIZED_AUTOS = YES_AGGRESSIVE;
				GCC_WARN_UNUSED_FUNCTION = YES;
				GCC_WARN_UNUSED_VARIABLE = YES;
				IPHONEOS_DEPLOYMENT_TARGET = 10.1;
				MTL_ENABLE_DEBUG_INFO = NO;
				SDKROOT = iphoneos;
				SWIFT_OPTIMIZATION_LEVEL = "-Owholemodule";
				VALIDATE_PRODUCT = YES;
			};
			name = Release;
		};
		9AA3F35A1DE4D81800405995 /* Debug */ = {
			isa = XCBuildConfiguration;
			buildSettings = {
				ASSETCATALOG_COMPILER_APPICON_NAME = AppIcon;
				INFOPLIST_FILE = DatabaseProject/Info.plist;
				LD_RUNPATH_SEARCH_PATHS = "$(inherited) @executable_path/Frameworks";
				PRODUCT_BUNDLE_IDENTIFIER = com.edgargante.DatabaseProject;
				PRODUCT_NAME = "$(TARGET_NAME)";
				SWIFT_VERSION = 3.0;
			};
			name = Debug;
		};
		9AA3F35B1DE4D81800405995 /* Release */ = {
			isa = XCBuildConfiguration;
			buildSettings = {
				ASSETCATALOG_COMPILER_APPICON_NAME = AppIcon;
				INFOPLIST_FILE = DatabaseProject/Info.plist;
				LD_RUNPATH_SEARCH_PATHS = "$(inherited) @executable_path/Frameworks";
				PRODUCT_BUNDLE_IDENTIFIER = com.edgargante.DatabaseProject;
				PRODUCT_NAME = "$(TARGET_NAME)";
				SWIFT_VERSION = 3.0;
			};
			name = Release;
		};
/* End XCBuildConfiguration section */

/* Begin XCConfigurationList section */
		9AA3F3401DE4D81700405995 /* Build configuration list for PBXProject "DatabaseProject" */ = {
			isa = XCConfigurationList;
			buildConfigurations = (
				9AA3F3571DE4D81800405995 /* Debug */,
				9AA3F3581DE4D81800405995 /* Release */,
			);
			defaultConfigurationIsVisible = 0;
			defaultConfigurationName = Release;
		};
		9AA3F3591DE4D81800405995 /* Build configuration list for PBXNativeTarget "DatabaseProject" */ = {
			isa = XCConfigurationList;
			buildConfigurations = (
				9AA3F35A1DE4D81800405995 /* Debug */,
				9AA3F35B1DE4D81800405995 /* Release */,
			);
			defaultConfigurationIsVisible = 0;
		};
/* End XCConfigurationList section */
	};
	rootObject = 9AA3F33D1DE4D81700405995 /* Project object */;
}
